
Microsoft Visual Studio Solution File, Format Version 12.00
# Visual Studio Version 17
VisualStudioVersion = 17.13.35828.75 d17.13
MinimumVisualStudioVersion = 10.0.40219.1
Project("{FAE04EC0-301F-11D3-BF4B-00C04F79EFBC}") = "api", "api\api.csproj", "{78B9B41C-1865-4754-B724-56C5B0754EEC}"
EndProject
Project("{FAE04EC0-301F-11D3-BF4B-00C04F79EFBC}") = "Core", "Core\Core.csproj", "{646F8ECC-CFC1-42C3-BE39-ED6C09677056}"
EndProject
Project("{FAE04EC0-301F-11D3-BF4B-00C04F79EFBC}") = "Data", "Data\Data.csproj", "{F3BE27E0-5A64-4A17-AF1A-ACEE2CA388C8}"
EndProject
Global
	GlobalSection(SolutionConfigurationPlatforms) = preSolution
		Debug|Any CPU = Debug|Any CPU
		Release|Any CPU = Release|Any CPU
	EndGlobalSection
	GlobalSection(ProjectConfigurationPlatforms) = postSolution
		{78B9B41C-1865-4754-B724-56C5B0754EEC}.Debug|Any CPU.ActiveCfg = Debug|Any CPU
		{78B9B41C-1865-4754-B724-56C5B0754EEC}.Debug|Any CPU.Build.0 = Debug|Any CPU
		{78B9B41C-1865-4754-B724-56C5B0754EEC}.Release|Any CPU.ActiveCfg = Release|Any CPU
		{78B9B41C-1865-4754-B724-56C5B0754EEC}.Release|Any CPU.Build.0 = Release|Any CPU
		{646F8ECC-CFC1-42C3-BE39-ED6C09677056}.Debug|Any CPU.ActiveCfg = Debug|Any CPU
		{646F8ECC-CFC1-42C3-BE39-ED6C09677056}.Debug|Any CPU.Build.0 = Debug|Any CPU
		{646F8ECC-CFC1-42C3-BE39-ED6C09677056}.Release|Any CPU.ActiveCfg = Release|Any CPU
		{646F8ECC-CFC1-42C3-BE39-ED6C09677056}.Release|Any CPU.Build.0 = Release|Any CPU
		{F3BE27E0-5A64-4A17-AF1A-ACEE2CA388C8}.Debug|Any CPU.ActiveCfg = Debug|Any CPU
		{F3BE27E0-5A64-4A17-AF1A-ACEE2CA388C8}.Debug|Any CPU.Build.0 = Debug|Any CPU
		{F3BE27E0-5A64-4A17-AF1A-ACEE2CA388C8}.Release|Any CPU.ActiveCfg = Release|Any CPU
		{F3BE27E0-5A64-4A17-AF1A-ACEE2CA388C8}.Release|Any CPU.Build.0 = Release|Any CPU
	EndGlobalSection
	GlobalSection(SolutionProperties) = preSolution
		HideSolutionNode = FALSE
	EndGlobalSection
	GlobalSection(ExtensibilityGlobals) = postSolution
		SolutionGuid = {6D43DD3D-B714-4E89-BC83-CCEE9FA3ABE5}
	EndGlobalSection
EndGlobal
